# This file is automatically @generated by Cargo.
# It is not intended for manual editing.
version = 4

[[package]]
name = "bitflags"
version = "2.13.1"
source = "registry+https://github.com/rust-lang/crates.io-index"
checksum = "b588b76d00fde79687d7646a9b5bdf3cc0f655e0bbd080335a95d7e96f3587da"

[[package]]
name = "clack-common"
version = "0.1.0"
source = "registry+https://github.com/rust-lang/crates.io-index"
checksum = "6cc803ecdd9db71036304f1e308bc23274e58bb9251c447c20ed2d0a30c69d6c"
dependencies = [
 "bitflags",
 "clap-sys",
]

[[package]]
name = "clack-extensions"
version = "0.1.0"
source = "registry+https://github.com/rust-lang/crates.io-index"
checksum = "0f7a09059637aa2043aeaab65e1d95bc91f340da1f05512c0c00e6e0283e5d9b"
dependencies = [
 "bitflags",
 "clack-common",
 "clack-plugin",
 "clap-sys",
]

[[package]]
name = "clack-plugin"
version = "0.1.0"
source = "registry+https://github.com/rust-lang/crates.io-index"
checksum = "ab76aa9fd46c79fbd5770e86a14d0a9d97adb239ff9173b51e3f5101aeb32c73"
dependencies = [
 "clack-common",
 "clap-sys",
]

[[package]]
name = "clap-sys"
version = "0.5.0"
source = "registry+https://github.com/rust-lang/crates.io-index"
checksum = "a76abbdb2907f6fd97fb6bc0b7be96b77d328f2dd9669d1075cc03369ed22154"

[[package]]
name = "robotalk"
version = "0.1.0"
dependencies = [
 "clack-extensions",
 "clack-plugin",
]
